
Microsoft Visual Studio Solution File, Format Version 12.00
# Visual Studio 15
VisualStudioVersion = 15.0.27428.2015
MinimumVisualStudioVersion = 10.0.40219.1
Project("{FAE04EC0-301F-11D3-BF4B-00C04F79EFBC}") = "3DHistoGrading", "3DHistoGrading\3DHistoGrading.csproj", "{F4E16798-487E-4943-B34A-B25147EF72A2}"
EndProject
Project("{FAE04EC0-301F-11D3-BF4B-00C04F79EFBC}") = "3DHistoGrading.UnitTests", "3DHistoGrading.UnitTests\3DHistoGrading.UnitTests.csproj", "{FC9CBFB5-4BA5-43B5-976A-E9C4F3968EDB}"
EndProject
Global
	GlobalSection(SolutionConfigurationPlatforms) = preSolution
		Debug|Any CPU = Debug|Any CPU
		Debug|x64 = Debug|x64
		Release|Any CPU = Release|Any CPU
		Release|x64 = Release|x64
	EndGlobalSection
	GlobalSection(ProjectConfigurationPlatforms) = postSolution
		{F4E16798-487E-4943-B34A-B25147EF72A2}.Debug|Any CPU.ActiveCfg = Debug|x64
		{F4E16798-487E-4943-B34A-B25147EF72A2}.Debug|Any CPU.Build.0 = Debug|x64
		{F4E16798-487E-4943-B34A-B25147EF72A2}.Debug|x64.ActiveCfg = Debug|x64
		{F4E16798-487E-4943-B34A-B25147EF72A2}.Debug|x64.Build.0 = Debug|x64
		{F4E16798-487E-4943-B34A-B25147EF72A2}.Release|Any CPU.ActiveCfg = Release|Any CPU
		{F4E16798-487E-4943-B34A-B25147EF72A2}.Release|Any CPU.Build.0 = Release|Any CPU
		{F4E16798-487E-4943-B34A-B25147EF72A2}.Release|x64.ActiveCfg = Release|x64
		{F4E16798-487E-4943-B34A-B25147EF72A2}.Release|x64.Build.0 = Release|x64
		{FC9CBFB5-4BA5-43B5-976A-E9C4F3968EDB}.Debug|Any CPU.ActiveCfg = Debug|Any CPU
		{FC9CBFB5-4BA5-43B5-976A-E9C4F3968EDB}.Debug|Any CPU.Build.0 = Debug|Any CPU
		{FC9CBFB5-4BA5-43B5-976A-E9C4F3968EDB}.Debug|x64.ActiveCfg = Debug|Any CPU
		{FC9CBFB5-4BA5-43B5-976A-E9C4F3968EDB}.Debug|x64.Build.0 = Debug|Any CPU
		{FC9CBFB5-4BA5-43B5-976A-E9C4F3968EDB}.Release|Any CPU.ActiveCfg = Release|Any CPU
		{FC9CBFB5-4BA5-43B5-976A-E9C4F3968EDB}.Release|Any CPU.Build.0 = Release|Any CPU
		{FC9CBFB5-4BA5-43B5-976A-E9C4F3968EDB}.Release|x64.ActiveCfg = Release|Any CPU
		{FC9CBFB5-4BA5-43B5-976A-E9C4F3968EDB}.Release|x64.Build.0 = Release|Any CPU
	EndGlobalSection
	GlobalSection(SolutionProperties) = preSolution
		HideSolutionNode = FALSE
	EndGlobalSection
	GlobalSection(ExtensibilityGlobals) = postSolution
		SolutionGuid = {E4E71408-538E-40D6-B68D-B6AD9437428A}
	EndGlobalSection
EndGlobal
