
Microsoft Visual Studio Solution File, Format Version 12.00
# Visual Studio 15
VisualStudioVersion = 15.0.28010.2036
MinimumVisualStudioVersion = 10.0.40219.1
Project("{888888A0-9F3D-457C-B088-3A5042F75D52}") = "SurfaceGrading", "SurfaceGrading\SurfaceGrading.pyproj", "{F0B21CE3-E079-490B-952A-20824AA0F429}"
EndProject
Project("{888888A0-9F3D-457C-B088-3A5042F75D52}") = "PythonGrading", "PythonGrading\PythonGrading.pyproj", "{7F0CAC62-9336-4D56-9724-301053F376C4}"
EndProject
Global
	GlobalSection(SolutionConfigurationPlatforms) = preSolution
		Debug|Any CPU = Debug|Any CPU
		Release|Any CPU = Release|Any CPU
	EndGlobalSection
	GlobalSection(ProjectConfigurationPlatforms) = postSolution
		{F0B21CE3-E079-490B-952A-20824AA0F429}.Debug|Any CPU.ActiveCfg = Debug|Any CPU
		{F0B21CE3-E079-490B-952A-20824AA0F429}.Release|Any CPU.ActiveCfg = Release|Any CPU
		{7F0CAC62-9336-4D56-9724-301053F376C4}.Debug|Any CPU.ActiveCfg = Debug|Any CPU
		{7F0CAC62-9336-4D56-9724-301053F376C4}.Release|Any CPU.ActiveCfg = Release|Any CPU
	EndGlobalSection
	GlobalSection(SolutionProperties) = preSolution
		HideSolutionNode = FALSE
	EndGlobalSection
	GlobalSection(ExtensibilityGlobals) = postSolution
		SolutionGuid = {71C09FBA-236E-4A5C-B4A1-EF0B11CF7478}
	EndGlobalSection
EndGlobal
